Microsoft Visual Studio Solution File, Format Version 11.00
# Visual Studio 2008

Project("{802EC1B4-3B3C-5049-4219-DFBA65371B17}") = "excitoss_unity", "Assembly-CSharp-firstpass-vs.csproj", "{05438122-1601-1F4A-9F3A-70876F05114D}"
EndProject
Project("{802EC1B4-3B3C-5049-4219-DFBA65371B17}") = "excitoss_unity", "Assembly-CSharp-Editor-vs.csproj", "{4A932564-0EAA-1CF4-1B35-27625DA5B125}"
EndProject
Global
	GlobalSection(SolutionConfigurationPlatforms) = preSolution
		Debug|Any CPU = Debug|Any CPU
		Release|Any CPU = Release|Any CPU
	EndGlobalSection
	GlobalSection(ProjectConfigurationPlatforms) = postSolution
		{05438122-1601-1F4A-9F3A-70876F05114D}.Debug|Any CPU.ActiveCfg = Debug|Any CPU
		{05438122-1601-1F4A-9F3A-70876F05114D}.Debug|Any CPU.Build.0 = Debug|Any CPU
		{05438122-1601-1F4A-9F3A-70876F05114D}.Release|Any CPU.ActiveCfg = Release|Any CPU
		{05438122-1601-1F4A-9F3A-70876F05114D}.Release|Any CPU.Build.0 = Release|Any CPU
		{4A932564-0EAA-1CF4-1B35-27625DA5B125}.Debug|Any CPU.ActiveCfg = Debug|Any CPU
		{4A932564-0EAA-1CF4-1B35-27625DA5B125}.Debug|Any CPU.Build.0 = Debug|Any CPU
		{4A932564-0EAA-1CF4-1B35-27625DA5B125}.Release|Any CPU.ActiveCfg = Release|Any CPU
		{4A932564-0EAA-1CF4-1B35-27625DA5B125}.Release|Any CPU.Build.0 = Release|Any CPU
	EndGlobalSection
	GlobalSection(SolutionProperties) = preSolution
		HideSolutionNode = FALSE
	EndGlobalSection
																																																					GlobalSection(MonoDevelopProperties) = preSolution
		StartupItem = Assembly-CSharp.csproj
		Policies = $0
		$0.TextStylePolicy = $1
		$1.inheritsSet = null
		$1.scope = text/x-csharp
		$0.CSharpFormattingPolicy = $2
		$2.inheritsSet = Mono
		$2.inheritsScope = text/x-csharp
		$2.scope = text/x-csharp
		$0.TextStylePolicy = $3
		$3.FileWidth = 120
		$3.TabWidth = 4
		$3.IndentWidth = 4
		$3.EolMarker = Unix
		$3.inheritsSet = Mono
		$3.inheritsScope = text/plain
		$3.scope = text/plain
	EndGlobalSection

EndGlobal
